hash: 576d558547f6e35d99413ef149d9f1a7613225faa7ea173b02fd2f1db6331e65
updated: 2017-01-17T16:24:43.377440923Z
imports:
- name: github.com/googollee/go-socket.io
  version: e9f0a9b7a61267e1476f9f0a0429337813c39edd
- name: github.com/joho/godotenv
  version: 726cc8b906e3d31c70a9671c90a13716a8d3f50d
- name: github.com/urfave/cli
  version: f1be59ff3d239f0942b201619030d302bce912cc
testImports: []
